{
    "_meta": {
        "hash": {
            "sha256": "676f9c3443b2d34c88209b440c7b977be495869eaf5f07258670c750ecdac638"
        },
        "requires": {},
        "sources": [
            {
                "url": "https://pypi.python.org/simple",
                "verify_ssl": true
            }
        ]
    },
    "default": {
        "appnope": {
            "version": "==0.1.0"
        },
        "argh": {
            "version": "==0.26.2"
        },
        "asn1crypto": {
            "version": "==0.22.0"
        },
        "bcrypt": {
            "version": "==3.1.3"
        },
        "bleach": {
            "version": "==2.0.0"
        },
        "cffi": {
            "version": "==1.10.0"
        },
        "colorama": {
            "version": "==0.3.9"
        },
        "cryptography": {
            "version": "==2.0"
        },
        "decorator": {
            "version": "==4.1.1"
        },
        "docopt": {
            "version": "==0.6.2"
        },
        "entrypoints": {
            "version": "==0.2.3"
        },
        "fabric3": {
            "version": "==1.13.1.post1"
        },
        "html5lib": {
            "version": "==0.999999999"
        },
        "idna": {
            "version": "==2.5"
        },
        "ipykernel": {
            "version": "==4.6.1"
        },
        "ipython": {
            "version": "==6.1.0"
        },
        "ipython-genutils": {
            "version": "==0.2.0"
        },
        "ipywidgets": {
            "version": "==6.0.0"
        },
        "jedi": {
            "version": "==0.10.2"
        },
        "jinja2": {
            "version": "==2.9.6"
        },
        "jsonschema": {
            "version": "==2.6.0"
        },
        "jupyter": {
            "version": "==1.0.0"
        },
        "jupyter-client": {
            "version": "==5.1.0"
        },
        "jupyter-console": {
            "version": "==5.1.0"
        },
        "jupyter-contrib-core": {
            "version": "==0.3.1"
        },
        "jupyter-core": {
            "version": "==4.3.0"
        },
        "jupyter-nbextensions-configurator": {
            "version": "==0.2.5"
        },
        "markupsafe": {
            "version": "==1.0"
        },
        "mistune": {
            "version": "==0.7.4"
        },
        "nbconvert": {
            "version": "==5.2.1"
        },
        "nbformat": {
            "version": "==4.3.0"
        },
        "notebook": {
            "version": "==5.0.0"
        },
        "pandocfilters": {
            "version": "==1.4.1"
        },
        "paramiko": {
            "version": "==2.2.1"
        },
        "pathtools": {
            "version": "==0.1.2"
        },
        "pexpect": {
            "version": "==4.2.1"
        },
        "pickleshare": {
            "version": "==0.7.4"
        },
        "prompt-toolkit": {
            "version": "==1.0.14"
        },
        "ptyprocess": {
            "version": "==0.5.2"
        },
        "pyasn1": {
            "version": "==0.2.3"
        },
        "pycparser": {
            "version": "==2.18"
        },
        "pygments": {
            "version": "==2.2.0"
        },
        "pynacl": {
            "version": "==1.1.2"
        },
        "python-dateutil": {
            "version": "==2.6.1"
        },
        "pyyaml": {
            "version": "==3.12"
        },
        "pyzmq": {
            "version": "==16.0.2"
        },
        "qtconsole": {
            "version": "==4.3.0"
        },
        "setuptools": {
            "version": "==36.2.0"
        },
        "simplegeneric": {
            "version": "==0.8.1"
        },
        "six": {
            "version": "==1.10.0"
        },
        "terminado": {
            "version": "==0.6"
        },
        "testpath": {
            "version": "==0.3.1"
        },
        "tornado": {
            "version": "==4.5.1"
        },
        "traitlets": {
            "version": "==4.3.2"
        },
        "watchdog": {
            "version": "==0.8.3"
        },
        "wcwidth": {
            "version": "==0.1.7"
        },
        "webencodings": {
            "version": "==0.5.1"
        },
        "widgetsnbextension": {
            "version": "==2.0.0"
        }
    },
    "develop": {
        "alabaster": {
            "version": "==0.7.10"
        },
        "asn1crypto": {
            "version": "==0.22.0"
        },
        "babel": {
            "version": "==2.4.0"
        },
        "bcrypt": {
            "version": "==3.1.3"
        },
        "bumpversion": {
            "version": "==0.5.3"
        },
        "certifi": {
            "version": "==2017.4.17"
        },
        "cffi": {
            "version": "==1.10.0"
        },
        "chardet": {
            "version": "==3.0.4"
        },
        "coverage": {
            "version": "==4.4.1"
        },
        "cryptography": {
            "version": "==1.9"
        },
        "docutils": {
            "version": "==0.13.1"
        },
        "fabric3": {
            "version": "==1.13.1.post1"
        },
        "flake8": {
            "version": "==3.3.0"
        },
        "idna": {
            "version": "==2.5"
        },
        "imagesize": {
            "version": "==0.7.1"
        },
        "jinja2": {
            "version": "==2.9.6"
        },
        "markupsafe": {
            "version": "==1.0"
        },
        "mccabe": {
            "version": "==0.6.1"
        },
        "paramiko": {
            "version": "==2.2.1"
        },
        "pluggy": {
            "version": "==0.4.0"
        },
        "py": {
            "version": "==1.4.34"
        },
        "pyasn1": {
            "version": "==0.2.3"
        },
        "pycodestyle": {
            "version": "==2.3.1"
        },
        "pycparser": {
            "version": "==2.18"
        },
        "pyflakes": {
            "version": "==1.5.0"
        },
        "pygments": {
            "version": "==2.2.0"
        },
        "pynacl": {
            "version": "==1.1.2"
        },
        "pytest": {
            "version": "==3.1.3"
        },
        "pytest-runner": {
            "version": "==2.11.1"
        },
        "pytz": {
            "version": "==2017.2"
        },
        "pyyaml": {
            "version": "==3.12"
        },
        "requests": {
            "version": "==2.18.1"
        },
        "setuptools": {
            "version": "==36.2.0"
        },
        "six": {
            "version": "==1.10.0"
        },
        "snowballstemmer": {
            "version": "==1.2.1"
        },
        "sphinx": {
            "version": "==1.6.3"
        },
        "sphinx-autodoc-typehints": {
            "version": "==1.2.0"
        },
        "sphinxcontrib-websupport": {
            "version": "==1.0.1"
        },
        "tox": {
            "version": "==2.7.0"
        },
        "urllib3": {
            "version": "==1.21.1"
        },
        "virtualenv": {
            "version": "==15.1.0"
        },
        "wheel": {
            "version": "==0.29.0"
        }
    }
}
